
Microsoft Visual Studio Solution File, Format Version 12.00
# Visual Studio Version 17
VisualStudioVersion = 17.9.34723.18
MinimumVisualStudioVersion = 10.0.40219.1
Project("{FAE04EC0-301F-11D3-BF4B-00C04F79EFBC}") = "IdentitySetupWithJwt", "IdentitySetupWithJwt\IdentitySetupWithJwt.csproj", "{09EDD73B-CBBD-4A01-B77D-138E37593134}"
EndProject
Global
	GlobalSection(SolutionConfigurationPlatforms) = preSolution
		Debug|Any CPU = Debug|Any CPU
		Release|Any CPU = Release|Any CPU
	EndGlobalSection
	GlobalSection(ProjectConfigurationPlatforms) = postSolution
		{09EDD73B-CBBD-4A01-B77D-138E37593134}.Debug|Any CPU.ActiveCfg = Debug|Any CPU
		{09EDD73B-CBBD-4A01-B77D-138E37593134}.Debug|Any CPU.Build.0 = Debug|Any CPU
		{09EDD73B-CBBD-4A01-B77D-138E37593134}.Release|Any CPU.ActiveCfg = Release|Any CPU
		{09EDD73B-CBBD-4A01-B77D-138E37593134}.Release|Any CPU.Build.0 = Release|Any CPU
	EndGlobalSection
	GlobalSection(SolutionProperties) = preSolution
		HideSolutionNode = FALSE
	EndGlobalSection
	GlobalSection(ExtensibilityGlobals) = postSolution
		SolutionGuid = {66D11B51-E03E-43B5-BA3D-07975F60EEEA}
	EndGlobalSection
EndGlobal
